
Microsoft Visual Studio Solution File, Format Version 10.00
# Visual C++ Express 2008
Project("{8BC9CEB8-8B4A-11D0-8D11-00A0C91BC942}") = "Json", "libMyJson.vcproj", "{69E7C21F-F7B3-4019-9ABB-ED9B0B4A599B}"
EndProject
Project("{8BC9CEB8-8B4A-11D0-8D11-00A0C91BC942}") = "Test", "Test.vcproj", "{8255958F-7E2E-42FA-A36D-CED58D58D427}"
	ProjectSection(ProjectDependencies) = postProject
		{69E7C21F-F7B3-4019-9ABB-ED9B0B4A599B} = {69E7C21F-F7B3-4019-9ABB-ED9B0B4A599B}
	EndProjectSection
EndProject
Global
	GlobalSection(SolutionConfigurationPlatforms) = preSolution
		Debug|Win32 = Debug|Win32
		Release|Win32 = Release|Win32
	EndGlobalSection
	GlobalSection(ProjectConfigurationPlatforms) = postSolution
		{69E7C21F-F7B3-4019-9ABB-ED9B0B4A599B}.Debug|Win32.ActiveCfg = Debug|Win32
		{69E7C21F-F7B3-4019-9ABB-ED9B0B4A599B}.Debug|Win32.Build.0 = Debug|Win32
		{69E7C21F-F7B3-4019-9ABB-ED9B0B4A599B}.Release|Win32.ActiveCfg = Release|Win32
		{69E7C21F-F7B3-4019-9ABB-ED9B0B4A599B}.Release|Win32.Build.0 = Release|Win32
		{8255958F-7E2E-42FA-A36D-CED58D58D427}.Debug|Win32.ActiveCfg = Debug|Win32
		{8255958F-7E2E-42FA-A36D-CED58D58D427}.Debug|Win32.Build.0 = Debug|Win32
		{8255958F-7E2E-42FA-A36D-CED58D58D427}.Release|Win32.ActiveCfg = Release|Win32
		{8255958F-7E2E-42FA-A36D-CED58D58D427}.Release|Win32.Build.0 = Release|Win32
	EndGlobalSection
	GlobalSection(SolutionProperties) = preSolution
		HideSolutionNode = FALSE
	EndGlobalSection
EndGlobal
